// !$*UTF8*$!
{
	archiveVersion = 1;
	classes = {
	};
	objectVersion = 56;
	objects = {

/* Begin PBXBuildFile section */
		15FC840728ECCBFD00BE6CFE /* AppDelegate.swift in Sources */ = {isa = PBXBuildFile; fileRef = 15FC840628ECCBFD00BE6CFE /* AppDelegate.swift */; };
		15FC840928ECCBFD00BE6CFE /* SceneDelegate.swift in Sources */ = {isa = PBXBuildFile; fileRef = 15FC840828ECCBFD00BE6CFE /* SceneDelegate.swift */; };
		15FC840E28ECCBFD00BE6CFE /* Main.storyboard in Resources */ = {isa = PBXBuildFile; fileRef = 15FC840C28ECCBFD00BE6CFE /* Main.storyboard */; };
		15FC841028ECCC0700BE6CFE /* Assets.xcassets in Resources */ = {isa = PBXBuildFile; fileRef = 15FC840F28ECCC0700BE6CFE /* Assets.xcassets */; };
		15FC841328ECCC0700BE6CFE /* LaunchScreen.storyboard in Resources */ = {isa = PBXBuildFile; fileRef = 15FC841128ECCC0700BE6CFE /* LaunchScreen.storyboard */; };
		15FC842228ECCD2500BE6CFE /* WebService.swift in Sources */ = {isa = PBXBuildFile; fileRef = 15FC842128ECCD2500BE6CFE /* WebService.swift */; };
		15FC842428ECCD4000BE6CFE /* Constants.swift in Sources */ = {isa = PBXBuildFile; fileRef = 15FC842328ECCD4000BE6CFE /* Constants.swift */; };
		15FC842628ECCDB800BE6CFE /* CurrencyViewModel.swift in Sources */ = {isa = PBXBuildFile; fileRef = 15FC842528ECCDB800BE6CFE /* CurrencyViewModel.swift */; };
		15FC842828ECCDD200BE6CFE /* GetAllCurrenciesViewModel.swift in Sources */ = {isa = PBXBuildFile; fileRef = 15FC842728ECCDD200BE6CFE /* GetAllCurrenciesViewModel.swift */; };
		15FC842A28ECCDFB00BE6CFE /* CurrenciesResponse.swift in Sources */ = {isa = PBXBuildFile; fileRef = 15FC842928ECCDFB00BE6CFE /* CurrenciesResponse.swift */; };
		15FC842C28ECCFAD00BE6CFE /* CurrencyExchangeRatesTableViewCell.swift in Sources */ = {isa = PBXBuildFile; fileRef = 15FC842B28ECCFAD00BE6CFE /* CurrencyExchangeRatesTableViewCell.swift */; };
		15FC842E28ECD0B400BE6CFE /* CurrencyExchangeRateViewController.swift in Sources */ = {isa = PBXBuildFile; fileRef = 15FC842D28ECD0B400BE6CFE /* CurrencyExchangeRateViewController.swift */; };
		15FC843028ECD25C00BE6CFE /* HomeViewController.swift in Sources */ = {isa = PBXBuildFile; fileRef = 15FC842F28ECD25C00BE6CFE /* HomeViewController.swift */; };
		15FC843328ECEACF00BE6CFE /* Double+Extensions.swift in Sources */ = {isa = PBXBuildFile; fileRef = 15FC843228ECEACF00BE6CFE /* Double+Extensions.swift */; };
/* End PBXBuildFile section */

/* Begin PBXFileReference section */
		15FC840328ECCBFD00BE6CFE /* CurrencyExchangeRateMVVM.app */ = {isa = PBXFileReference; explicitFileType = wrapper.application; includeInIndex = 0; path = CurrencyExchangeRateMVVM.app; sourceTree = BUILT_PRODUCTS_DIR; };
		15FC840628ECCBFD00BE6CFE /* AppDelegate.swift */ = {isa = PBXFileReference; lastKnownFileType = sourcecode.swift; path = AppDelegate.swift; sourceTree = "<group>"; };
		15FC840828ECCBFD00BE6CFE /* SceneDelegate.swift */ = {isa = PBXFileReference; lastKnownFileType = sourcecode.swift; path = SceneDelegate.swift; sourceTree = "<group>"; };
		15FC840D28ECCBFD00BE6CFE /* Base */ = {isa = PBXFileReference; lastKnownFileType = file.storyboard; name = Base; path = Base.lproj/Main.storyboard; sourceTree = "<group>"; };
		15FC840F28ECCC0700BE6CFE /* Assets.xcassets */ = {isa = PBXFileReference; lastKnownFileType = folder.assetcatalog; path = Assets.xcassets; sourceTree = "<group>"; };
		15FC841228ECCC0700BE6CFE /* Base */ = {isa = PBXFileReference; lastKnownFileType = file.storyboard; name = Base; path = Base.lproj/LaunchScreen.storyboard; sourceTree = "<group>"; };
		15FC841428ECCC0700BE6CFE /* Info.plist */ = {isa = PBXFileReference; lastKnownFileType = text.plist.xml; path = Info.plist; sourceTree = "<group>"; };
		15FC842128ECCD2500BE6CFE /* WebService.swift */ = {isa = PBXFileReference; lastKnownFileType = sourcecode.swift; path = WebService.swift; sourceTree = "<group>"; };
		15FC842328ECCD4000BE6CFE /* Constants.swift */ = {isa = PBXFileReference; lastKnownFileType = sourcecode.swift; path = Constants.swift; sourceTree = "<group>"; };
		15FC842528ECCDB800BE6CFE /* CurrencyViewModel.swift */ = {isa = PBXFileReference; lastKnownFileType = sourcecode.swift; path = CurrencyViewModel.swift; sourceTree = "<group>"; };
		15FC842728ECCDD200BE6CFE /* GetAllCurrenciesViewModel.swift */ = {isa = PBXFileReference; lastKnownFileType = sourcecode.swift; path = GetAllCurrenciesViewModel.swift; sourceTree = "<group>"; };
		15FC842928ECCDFB00BE6CFE /* CurrenciesResponse.swift */ = {isa = PBXFileReference; lastKnownFileType = sourcecode.swift; path = CurrenciesResponse.swift; sourceTree = "<group>"; };
		15FC842B28ECCFAD00BE6CFE /* CurrencyExchangeRatesTableViewCell.swift */ = {isa = PBXFileReference; lastKnownFileType = sourcecode.swift; path = CurrencyExchangeRatesTableViewCell.swift; sourceTree = "<group>"; };
		15FC842D28ECD0B400BE6CFE /* CurrencyExchangeRateViewController.swift */ = {isa = PBXFileReference; lastKnownFileType = sourcecode.swift; path = CurrencyExchangeRateViewController.swift; sourceTree = "<group>"; };
		15FC842F28ECD25C00BE6CFE /* HomeViewController.swift */ = {isa = PBXFileReference; lastKnownFileType = sourcecode.swift; path = HomeViewController.swift; sourceTree = "<group>"; };
		15FC843228ECEACF00BE6CFE /* Double+Extensions.swift */ = {isa = PBXFileReference; lastKnownFileType = sourcecode.swift; path = "Double+Extensions.swift"; sourceTree = "<group>"; };
/* End PBXFileReference section */

/* Begin PBXFrameworksBuildPhase section */
		15FC840028ECCBFD00BE6CFE /* Frameworks */ = {
			isa = PBXFrameworksBuildPhase;
			buildActionMask = 2147483647;
			files = (
			);
			runOnlyForDeploymentPostprocessing = 0;
		};
/* End PBXFrameworksBuildPhase section */

/* Begin PBXGroup section */
		15FC83FA28ECCBFD00BE6CFE = {
			isa = PBXGroup;
			children = (
				15FC840528ECCBFD00BE6CFE /* CurrencyExchangeRateMVVM */,
				15FC840428ECCBFD00BE6CFE /* Products */,
			);
			sourceTree = "<group>";
		};
		15FC840428ECCBFD00BE6CFE /* Products */ = {
			isa = PBXGroup;
			children = (
				15FC840328ECCBFD00BE6CFE /* CurrencyExchangeRateMVVM.app */,
			);
			name = Products;
			sourceTree = "<group>";
		};
		15FC840528ECCBFD00BE6CFE /* CurrencyExchangeRateMVVM */ = {
			isa = PBXGroup;
			children = (
				15FC843128ECEAB900BE6CFE /* Extensions */,
				15FC841E28ECCCD800BE6CFE /* Models */,
				15FC841D28ECCCD000BE6CFE /* Views */,
				15FC841C28ECCCC900BE6CFE /* VIewModels */,
				15FC841B28ECCCC400BE6CFE /* Utils */,
				15FC841A28ECCCBD00BE6CFE /* Services */,
				15FC840628ECCBFD00BE6CFE /* AppDelegate.swift */,
				15FC840828ECCBFD00BE6CFE /* SceneDelegate.swift */,
				15FC840F28ECCC0700BE6CFE /* Assets.xcassets */,
				15FC841428ECCC0700BE6CFE /* Info.plist */,
			);
			path = CurrencyExchangeRateMVVM;
			sourceTree = "<group>";
		};
		15FC841A28ECCCBD00BE6CFE /* Services */ = {
			isa = PBXGroup;
			children = (
				15FC842128ECCD2500BE6CFE /* WebService.swift */,
			);
			path = Services;
			sourceTree = "<group>";
		};
		15FC841B28ECCCC400BE6CFE /* Utils */ = {
			isa = PBXGroup;
			children = (
				15FC842328ECCD4000BE6CFE /* Constants.swift */,
			);
			path = Utils;
			sourceTree = "<group>";
		};
		15FC841C28ECCCC900BE6CFE /* VIewModels */ = {
			isa = PBXGroup;
			children = (
				15FC842528ECCDB800BE6CFE /* CurrencyViewModel.swift */,
				15FC842728ECCDD200BE6CFE /* GetAllCurrenciesViewModel.swift */,
			);
			path = VIewModels;
			sourceTree = "<group>";
		};
		15FC841D28ECCCD000BE6CFE /* Views */ = {
			isa = PBXGroup;
			children = (
				15FC840C28ECCBFD00BE6CFE /* Main.storyboard */,
				15FC841128ECCC0700BE6CFE /* LaunchScreen.storyboard */,
				15FC842028ECCCF400BE6CFE /* Cells */,
				15FC841F28ECCCE400BE6CFE /* Controllers */,
			);
			path = Views;
			sourceTree = "<group>";
		};
		15FC841E28ECCCD800BE6CFE /* Models */ = {
			isa = PBXGroup;
			children = (
				15FC842928ECCDFB00BE6CFE /* CurrenciesResponse.swift */,
			);
			path = Models;
			sourceTree = "<group>";
		};
		15FC841F28ECCCE400BE6CFE /* Controllers */ = {
			isa = PBXGroup;
			children = (
				15FC842D28ECD0B400BE6CFE /* CurrencyExchangeRateViewController.swift */,
				15FC842F28ECD25C00BE6CFE /* HomeViewController.swift */,
			);
			path = Controllers;
			sourceTree = "<group>";
		};
		15FC842028ECCCF400BE6CFE /* Cells */ = {
			isa = PBXGroup;
			children = (
				15FC842B28ECCFAD00BE6CFE /* CurrencyExchangeRatesTableViewCell.swift */,
			);
			path = Cells;
			sourceTree = "<group>";
		};
		15FC843128ECEAB900BE6CFE /* Extensions */ = {
			isa = PBXGroup;
			children = (
				15FC843228ECEACF00BE6CFE /* Double+Extensions.swift */,
			);
			path = Extensions;
			sourceTree = "<group>";
		};
/* End PBXGroup section */

/* Begin PBXNativeTarget section */
		15FC840228ECCBFD00BE6CFE /* CurrencyExchangeRateMVVM */ = {
			isa = PBXNativeTarget;
			buildConfigurationList = 15FC841728ECCC0700BE6CFE /* Build configuration list for PBXNativeTarget "CurrencyExchangeRateMVVM" */;
			buildPhases = (
				15FC83FF28ECCBFD00BE6CFE /* Sources */,
				15FC840028ECCBFD00BE6CFE /* Frameworks */,
				15FC840128ECCBFD00BE6CFE /* Resources */,
			);
			buildRules = (
			);
			dependencies = (
			);
			name = CurrencyExchangeRateMVVM;
			productName = CurrencyExchangeRateMVVM;
			productReference = 15FC840328ECCBFD00BE6CFE /* CurrencyExchangeRateMVVM.app */;
			productType = "com.apple.product-type.application";
		};
/* End PBXNativeTarget section */

/* Begin PBXProject section */
		15FC83FB28ECCBFD00BE6CFE /* Project object */ = {
			isa = PBXProject;
			attributes = {
				BuildIndependentTargetsInParallel = 1;
				LastSwiftUpdateCheck = 1400;
				LastUpgradeCheck = 1400;
				TargetAttributes = {
					15FC840228ECCBFD00BE6CFE = {
						CreatedOnToolsVersion = 14.0.1;
					};
				};
			};
			buildConfigurationList = 15FC83FE28ECCBFD00BE6CFE /* Build configuration list for PBXProject "CurrencyExchangeRateMVVM" */;
			compatibilityVersion = "Xcode 14.0";
			developmentRegion = en;
			hasScannedForEncodings = 0;
			knownRegions = (
				en,
				Base,
			);
			mainGroup = 15FC83FA28ECCBFD00BE6CFE;
			productRefGroup = 15FC840428ECCBFD00BE6CFE /* Products */;
			projectDirPath = "";
			projectRoot = "";
			targets = (
				15FC840228ECCBFD00BE6CFE /* CurrencyExchangeRateMVVM */,
			);
		};
/* End PBXProject section */

/* Begin PBXResourcesBuildPhase section */
		15FC840128ECCBFD00BE6CFE /* Resources */ = {
			isa = PBXResourcesBuildPhase;
			buildActionMask = 2147483647;
			files = (
				15FC841328ECCC0700BE6CFE /* LaunchScreen.storyboard in Resources */,
				15FC841028ECCC0700BE6CFE /* Assets.xcassets in Resources */,
				15FC840E28ECCBFD00BE6CFE /* Main.storyboard in Resources */,
			);
			runOnlyForDeploymentPostprocessing = 0;
		};
/* End PBXResourcesBuildPhase section */

/* Begin PBXSourcesBuildPhase section */
		15FC83FF28ECCBFD00BE6CFE /* Sources */ = {
			isa = PBXSourcesBuildPhase;
			buildActionMask = 2147483647;
			files = (
				15FC842828ECCDD200BE6CFE /* GetAllCurrenciesViewModel.swift in Sources */,
				15FC842428ECCD4000BE6CFE /* Constants.swift in Sources */,
				15FC842C28ECCFAD00BE6CFE /* CurrencyExchangeRatesTableViewCell.swift in Sources */,
				15FC842628ECCDB800BE6CFE /* CurrencyViewModel.swift in Sources */,
				15FC842E28ECD0B400BE6CFE /* CurrencyExchangeRateViewController.swift in Sources */,
				15FC843028ECD25C00BE6CFE /* HomeViewController.swift in Sources */,
				15FC840728ECCBFD00BE6CFE /* AppDelegate.swift in Sources */,
				15FC842A28ECCDFB00BE6CFE /* CurrenciesResponse.swift in Sources */,
				15FC842228ECCD2500BE6CFE /* WebService.swift in Sources */,
				15FC843328ECEACF00BE6CFE /* Double+Extensions.swift in Sources */,
				15FC840928ECCBFD00BE6CFE /* SceneDelegate.swift in Sources */,
			);
			runOnlyForDeploymentPostprocessing = 0;
		};
/* End PBXSourcesBuildPhase section */

/* Begin PBXVariantGroup section */
		15FC840C28ECCBFD00BE6CFE /* Main.storyboard */ = {
			isa = PBXVariantGroup;
			children = (
				15FC840D28ECCBFD00BE6CFE /* Base */,
			);
			name = Main.storyboard;
			sourceTree = "<group>";
		};
		15FC841128ECCC0700BE6CFE /* LaunchScreen.storyboard */ = {
			isa = PBXVariantGroup;
			children = (
				15FC841228ECCC0700BE6CFE /* Base */,
			);
			name = LaunchScreen.storyboard;
			sourceTree = "<group>";
		};
/* End PBXVariantGroup section */

/* Begin XCBuildConfiguration section */
		15FC841528ECCC0700BE6CFE /* Debug */ = {
			isa = XCBuildConfiguration;
			buildSettings = {
				ALWAYS_SEARCH_USER_PATHS = NO;
				CLANG_ANALYZER_NONNULL = YES;
				CLANG_ANALYZER_NUMBER_OBJECT_CONVERSION = YES_AGGRESSIVE;
				CLANG_CXX_LANGUAGE_STANDARD = "gnu++20";
				CLANG_ENABLE_MODULES = YES;
				CLANG_ENABLE_OBJC_ARC = YES;
				CLANG_ENABLE_OBJC_WEAK = YES;
				CLANG_WARN_BLOCK_CAPTURE_AUTORELEASING = YES;
				CLANG_WARN_BOOL_CONVERSION = YES;
				CLANG_WARN_COMMA = YES;
				CLANG_WARN_CONSTANT_CONVERSION = YES;
				CLANG_WARN_DEPRECATED_OBJC_IMPLEMENTATIONS = YES;
				CLANG_WARN_DIRECT_OBJC_ISA_USAGE = YES_ERROR;
				CLANG_WARN_DOCUMENTATION_COMMENTS = YES;
				CLANG_WARN_EMPTY_BODY = YES;
				CLANG_WARN_ENUM_CONVERSION = YES;
				CLANG_WARN_INFINITE_RECURSION = YES;
				CLANG_WARN_INT_CONVERSION = YES;
				CLANG_WARN_NON_LITERAL_NULL_CONVERSION = YES;
				CLANG_WARN_OBJC_IMPLICIT_RETAIN_SELF = YES;
				CLANG_WARN_OBJC_LITERAL_CONVERSION = YES;
				CLANG_WARN_OBJC_ROOT_CLASS = YES_ERROR;
				CLANG_WARN_QUOTED_INCLUDE_IN_FRAMEWORK_HEADER = YES;
				CLANG_WARN_RANGE_LOOP_ANALYSIS = YES;
				CLANG_WARN_STRICT_PROTOTYPES = YES;
				CLANG_WARN_SUSPICIOUS_MOVE = YES;
				CLANG_WARN_UNGUARDED_AVAILABILITY = YES_AGGRESSIVE;
				CLANG_WARN_UNREACHABLE_CODE = YES;
				CLANG_WARN__DUPLICATE_METHOD_MATCH = YES;
				COPY_PHASE_STRIP = NO;
				DEBUG_INFORMATION_FORMAT = dwarf;
				ENABLE_STRICT_OBJC_MSGSEND = YES;
				ENABLE_TESTABILITY = YES;
				GCC_C_LANGUAGE_STANDARD = gnu11;
				GCC_DYNAMIC_NO_PIC = NO;
				GCC_NO_COMMON_BLOCKS = YES;
				GCC_OPTIMIZATION_LEVEL = 0;
				GCC_PREPROCESSOR_DEFINITIONS = (
					"DEBUG=1",
					"$(inherited)",
				);
				GCC_WARN_64_TO_32_BIT_CONVERSION = YES;
				GCC_WARN_ABOUT_RETURN_TYPE = YES_ERROR;
				GCC_WARN_UNDECLARED_SELECTOR = YES;
				GCC_WARN_UNINITIALIZED_AUTOS = YES_AGGRESSIVE;
				GCC_WARN_UNUSED_FUNCTION = YES;
				GCC_WARN_UNUSED_VARIABLE = YES;
				IPHONEOS_DEPLOYMENT_TARGET = 16.0;
				MTL_ENABLE_DEBUG_INFO = INCLUDE_SOURCE;
				MTL_FAST_MATH = YES;
				ONLY_ACTIVE_ARCH = YES;
				SDKROOT = iphoneos;
				SWIFT_ACTIVE_COMPILATION_CONDITIONS = DEBUG;
				SWIFT_OPTIMIZATION_LEVEL = "-Onone";
			};
			name = Debug;
		};
		15FC841628ECCC0700BE6CFE /* Release */ = {
			isa = XCBuildConfiguration;
			buildSettings = {
				ALWAYS_SEARCH_USER_PATHS = NO;
				CLANG_ANALYZER_NONNULL = YES;
				CLANG_ANALYZER_NUMBER_OBJECT_CONVERSION = YES_AGGRESSIVE;
				CLANG_CXX_LANGUAGE_STANDARD = "gnu++20";
				CLANG_ENABLE_MODULES = YES;
				CLANG_ENABLE_OBJC_ARC = YES;
				CLANG_ENABLE_OBJC_WEAK = YES;
				CLANG_WARN_BLOCK_CAPTURE_AUTORELEASING = YES;
				CLANG_WARN_BOOL_CONVERSION = YES;
				CLANG_WARN_COMMA = YES;
				CLANG_WARN_CONSTANT_CONVERSION = YES;
				CLANG_WARN_DEPRECATED_OBJC_IMPLEMENTATIONS = YES;
				CLANG_WARN_DIRECT_OBJC_ISA_USAGE = YES_ERROR;
				CLANG_WARN_DOCUMENTATION_COMMENTS = YES;
				CLANG_WARN_EMPTY_BODY = YES;
				CLANG_WARN_ENUM_CONVERSION = YES;
				CLANG_WARN_INFINITE_RECURSION = YES;
				CLANG_WARN_INT_CONVERSION = YES;
				CLANG_WARN_NON_LITERAL_NULL_CONVERSION = YES;
				CLANG_WARN_OBJC_IMPLICIT_RETAIN_SELF = YES;
				CLANG_WARN_OBJC_LITERAL_CONVERSION = YES;
				CLANG_WARN_OBJC_ROOT_CLASS = YES_ERROR;
				CLANG_WARN_QUOTED_INCLUDE_IN_FRAMEWORK_HEADER = YES;
				CLANG_WARN_RANGE_LOOP_ANALYSIS = YES;
				CLANG_WARN_STRICT_PROTOTYPES = YES;
				CLANG_WARN_SUSPICIOUS_MOVE = YES;
				CLANG_WARN_UNGUARDED_AVAILABILITY = YES_AGGRESSIVE;
				CLANG_WARN_UNREACHABLE_CODE = YES;
				CLANG_WARN__DUPLICATE_METHOD_MATCH = YES;
				COPY_PHASE_STRIP = NO;
				DEBUG_INFORMATION_FORMAT = "dwarf-with-dsym";
				ENABLE_NS_ASSERTIONS = NO;
				ENABLE_STRICT_OBJC_MSGSEND = YES;
				GCC_C_LANGUAGE_STANDARD = gnu11;
				GCC_NO_COMMON_BLOCKS = YES;
				GCC_WARN_64_TO_32_BIT_CONVERSION = YES;
				GCC_WARN_ABOUT_RETURN_TYPE = YES_ERROR;
				GCC_WARN_UNDECLARED_SELECTOR = YES;
				GCC_WARN_UNINITIALIZED_AUTOS = YES_AGGRESSIVE;
				GCC_WARN_UNUSED_FUNCTION = YES;
				GCC_WARN_UNUSED_VARIABLE = YES;
				IPHONEOS_DEPLOYMENT_TARGET = 16.0;
				MTL_ENABLE_DEBUG_INFO = NO;
				MTL_FAST_MATH = YES;
				SDKROOT = iphoneos;
				SWIFT_COMPILATION_MODE = wholemodule;
				SWIFT_OPTIMIZATION_LEVEL = "-O";
				VALIDATE_PRODUCT = YES;
			};
			name = Release;
		};
		15FC841828ECCC0700BE6CFE /* Debug */ = {
			isa = XCBuildConfiguration;
			buildSettings = {
				ASSETCATALOG_COMPILER_APPICON_NAME = AppIcon;
				ASSETCATALOG_COMPILER_GLOBAL_ACCENT_COLOR_NAME = AccentColor;
				CODE_SIGN_STYLE = Automatic;
				CURRENT_PROJECT_VERSION = 1;
				DEVELOPMENT_TEAM = 3X884PBRG2;
				GENERATE_INFOPLIST_FILE = YES;
				INFOPLIST_FILE = CurrencyExchangeRateMVVM/Info.plist;
				INFOPLIST_KEY_UIApplicationSupportsIndirectInputEvents = YES;
				INFOPLIST_KEY_UILaunchStoryboardName = LaunchScreen;
				INFOPLIST_KEY_UIMainStoryboardFile = Main;
				INFOPLIST_KEY_UISupportedInterfaceOrientations_iPad = "UIInterfaceOrientationPortrait UIInterfaceOrientationPortraitUpsideDown UIInterfaceOrientationLandscapeLeft UIInterfaceOrientationLandscapeRight";
				INFOPLIST_KEY_UISupportedInterfaceOrientations_iPhone = "UIInterfaceOrientationPortrait UIInterfaceOrientationLandscapeLeft UIInterfaceOrientationLandscapeRight";
				LD_RUNPATH_SEARCH_PATHS = (
					"$(inherited)",
					"@executable_path/Frameworks",
				);
				MARKETING_VERSION = 1.0;
				PRODUCT_BUNDLE_IDENTIFIER = com.karlis.lv.CurrencyExchangeRateMVVM;
				PRODUCT_NAME = "$(TARGET_NAME)";
				SWIFT_EMIT_LOC_STRINGS = YES;
				SWIFT_VERSION = 5.0;
				TARGETED_DEVICE_FAMILY = "1,2";
			};
			name = Debug;
		};
		15FC841928ECCC0700BE6CFE /* Release */ = {
			isa = XCBuildConfiguration;
			buildSettings = {
				ASSETCATALOG_COMPILER_APPICON_NAME = AppIcon;
				ASSETCATALOG_COMPILER_GLOBAL_ACCENT_COLOR_NAME = AccentColor;
				CODE_SIGN_STYLE = Automatic;
				CURRENT_PROJECT_VERSION = 1;
				DEVELOPMENT_TEAM = 3X884PBRG2;
				GENERATE_INFOPLIST_FILE = YES;
				INFOPLIST_FILE = CurrencyExchangeRateMVVM/Info.plist;
				INFOPLIST_KEY_UIApplicationSupportsIndirectInputEvents = YES;
				INFOPLIST_KEY_UILaunchStoryboardName = LaunchScreen;
				INFOPLIST_KEY_UIMainStoryboardFile = Main;
				INFOPLIST_KEY_UISupportedInterfaceOrientations_iPad = "UIInterfaceOrientationPortrait UIInterfaceOrientationPortraitUpsideDown UIInterfaceOrientationLandscapeLeft UIInterfaceOrientationLandscapeRight";
				INFOPLIST_KEY_UISupportedInterfaceOrientations_iPhone = "UIInterfaceOrientationPortrait UIInterfaceOrientationLandscapeLeft UIInterfaceOrientationLandscapeRight";
				LD_RUNPATH_SEARCH_PATHS = (
					"$(inherited)",
					"@executable_path/Frameworks",
				);
				MARKETING_VERSION = 1.0;
				PRODUCT_BUNDLE_IDENTIFIER = com.karlis.lv.CurrencyExchangeRateMVVM;
				PRODUCT_NAME = "$(TARGET_NAME)";
				SWIFT_EMIT_LOC_STRINGS = YES;
				SWIFT_VERSION = 5.0;
				TARGETED_DEVICE_FAMILY = "1,2";
			};
			name = Release;
		};
/* End XCBuildConfiguration section */

/* Begin XCConfigurationList section */
		15FC83FE28ECCBFD00BE6CFE /* Build configuration list for PBXProject "CurrencyExchangeRateMVVM" */ = {
			isa = XCConfigurationList;
			buildConfigurations = (
				15FC841528ECCC0700BE6CFE /* Debug */,
				15FC841628ECCC0700BE6CFE /* Release */,
			);
			defaultConfigurationIsVisible = 0;
			defaultConfigurationName = Release;
		};
		15FC841728ECCC0700BE6CFE /* Build configuration list for PBXNativeTarget "CurrencyExchangeRateMVVM" */ = {
			isa = XCConfigurationList;
			buildConfigurations = (
				15FC841828ECCC0700BE6CFE /* Debug */,
				15FC841928ECCC0700BE6CFE /* Release */,
			);
			defaultConfigurationIsVisible = 0;
			defaultConfigurationName = Release;
		};
/* End XCConfigurationList section */
	};
	rootObject = 15FC83FB28ECCBFD00BE6CFE /* Project object */;
}
